// !$*UTF8*$!
{
	archiveVersion = 1;
	classes = {
	};
	objectVersion = 77;
	objects = {

/* Begin PBXContainerItemProxy section */
		CCC01F872D5A9F7D0058BF50 /* PBXContainerItemProxy */ = {
			isa = PBXContainerItemProxy;
			containerPortal = CCC01F6E2D5A9F7C0058BF50 /* Project object */;
			proxyType = 1;
			remoteGlobalIDString = CCC01F752D5A9F7C0058BF50;
			remoteInfo = "k-cal";
		};
		CCC01F912D5A9F7D0058BF50 /* PBXContainerItemProxy */ = {
			isa = PBXContainerItemProxy;
			containerPortal = CCC01F6E2D5A9F7C0058BF50 /* Project object */;
			proxyType = 1;
			remoteGlobalIDString = CCC01F752D5A9F7C0058BF50;
			remoteInfo = "k-cal";
		};
/* End PBXContainerItemProxy section */

/* Begin PBXFileReference section */
		CCC01F762D5A9F7C0058BF50 /* k-cal.app */ = {isa = PBXFileReference; explicitFileType = wrapper.application; includeInIndex = 0; path = "k-cal.app"; sourceTree = BUILT_PRODUCTS_DIR; };
		CCC01F862D5A9F7D0058BF50 /* k-calTests.xctest */ = {isa = PBXFileReference; explicitFileType = wrapper.cfbundle; includeInIndex = 0; path = "k-calTests.xctest"; sourceTree = BUILT_PRODUCTS_DIR; };
		CCC01F902D5A9F7D0058BF50 /* k-calUITests.xctest */ = {isa = PBXFileReference; explicitFileType = wrapper.cfbundle; includeInIndex = 0; path = "k-calUITests.xctest"; sourceTree = BUILT_PRODUCTS_DIR; };
/* End PBXFileReference section */

/* Begin PBXFileSystemSynchronizedRootGroup section */
		CCC01F782D5A9F7C0058BF50 /* k-cal */ = {
			isa = PBXFileSystemSynchronizedRootGroup;
			path = "k-cal";
			sourceTree = "<group>";
		};
		CCC01F892D5A9F7D0058BF50 /* k-calTests */ = {
			isa = PBXFileSystemSynchronizedRootGroup;
			path = "k-calTests";
			sourceTree = "<group>";
		};
		CCC01F932D5A9F7D0058BF50 /* k-calUITests */ = {
			isa = PBXFileSystemSynchronizedRootGroup;
			path = "k-calUITests";
			sourceTree = "<group>";
		};
/* End PBXFileSystemSynchronizedRootGroup section */

/* Begin PBXFrameworksBuildPhase section */
		CCC01F732D5A9F7C0058BF50 /* Frameworks */ = {
			isa = PBXFrameworksBuildPhase;
			buildActionMask = 2147483647;
			files = (
			);
			runOnlyForDeploymentPostprocessing = 0;
		};
		CCC01F832D5A9F7D0058BF50 /* Frameworks */ = {
			isa = PBXFrameworksBuildPhase;
			buildActionMask = 2147483647;
			files = (
			);
			runOnlyForDeploymentPostprocessing = 0;
		};
		CCC01F8D2D5A9F7D0058BF50 /* Frameworks */ = {
			isa = PBXFrameworksBuildPhase;
			buildActionMask = 2147483647;
			files = (
			);
			runOnlyForDeploymentPostprocessing = 0;
		};
/* End PBXFrameworksBuildPhase section */

/* Begin PBXGroup section */
		CCC01F6D2D5A9F7C0058BF50 = {
			isa = PBXGroup;
			children = (
				CCC01F782D5A9F7C0058BF50 /* k-cal */,
				CCC01F892D5A9F7D0058BF50 /* k-calTests */,
				CCC01F932D5A9F7D0058BF50 /* k-calUITests */,
				CCC01F772D5A9F7C0058BF50 /* Products */,
			);
			sourceTree = "<group>";
		};
		CCC01F772D5A9F7C0058BF50 /* Products */ = {
			isa = PBXGroup;
			children = (
				CCC01F762D5A9F7C0058BF50 /* k-cal.app */,
				CCC01F862D5A9F7D0058BF50 /* k-calTests.xctest */,
				CCC01F902D5A9F7D0058BF50 /* k-calUITests.xctest */,
			);
			name = Products;
			sourceTree = "<group>";
		};
/* End PBXGroup section */

/* Begin PBXNativeTarget section */
		CCC01F752D5A9F7C0058BF50 /* k-cal */ = {
			isa = PBXNativeTarget;
			buildConfigurationList = CCC01F9A2D5A9F7D0058BF50 /* Build configuration list for PBXNativeTarget "k-cal" */;
			buildPhases = (
				CCC01F722D5A9F7C0058BF50 /* Sources */,
				CCC01F732D5A9F7C0058BF50 /* Frameworks */,
				CCC01F742D5A9F7C0058BF50 /* Resources */,
			);
			buildRules = (
			);
			dependencies = (
			);
			fileSystemSynchronizedGroups = (
				CCC01F782D5A9F7C0058BF50 /* k-cal */,
			);
			name = "k-cal";
			packageProductDependencies = (
			);
			productName = "k-cal";
			productReference = CCC01F762D5A9F7C0058BF50 /* k-cal.app */;
			productType = "com.apple.product-type.application";
		};
		CCC01F852D5A9F7D0058BF50 /* k-calTests */ = {
			isa = PBXNativeTarget;
			buildConfigurationList = CCC01F9D2D5A9F7D0058BF50 /* Build configuration list for PBXNativeTarget "k-calTests" */;
			buildPhases = (
				CCC01F822D5A9F7D0058BF50 /* Sources */,
				CCC01F832D5A9F7D0058BF50 /* Frameworks */,
				CCC01F842D5A9F7D0058BF50 /* Resources */,
			);
			buildRules = (
			);
			dependencies = (
				CCC01F882D5A9F7D0058BF50 /* PBXTargetDependency */,
			);
			fileSystemSynchronizedGroups = (
				CCC01F892D5A9F7D0058BF50 /* k-calTests */,
			);
			name = "k-calTests";
			packageProductDependencies = (
			);
			productName = "k-calTests";
			productReference = CCC01F862D5A9F7D0058BF50 /* k-calTests.xctest */;
			productType = "com.apple.product-type.bundle.unit-test";
		};
		CCC01F8F2D5A9F7D0058BF50 /* k-calUITests */ = {
			isa = PBXNativeTarget;
			buildConfigurationList = CCC01FA02D5A9F7D0058BF50 /* Build configuration list for PBXNativeTarget "k-calUITests" */;
			buildPhases = (
				CCC01F8C2D5A9F7D0058BF50 /* Sources */,
				CCC01F8D2D5A9F7D0058BF50 /* Frameworks */,
				CCC01F8E2D5A9F7D0058BF50 /* Resources */,
			);
			buildRules = (
			);
			dependencies = (
				CCC01F922D5A9F7D0058BF50 /* PBXTargetDependency */,
			);
			fileSystemSynchronizedGroups = (
				CCC01F932D5A9F7D0058BF50 /* k-calUITests */,
			);
			name = "k-calUITests";
			packageProductDependencies = (
			);
			productName = "k-calUITests";
			productReference = CCC01F902D5A9F7D0058BF50 /* k-calUITests.xctest */;
			productType = "com.apple.product-type.bundle.ui-testing";
		};
/* End PBXNativeTarget section */

/* Begin PBXProject section */
		CCC01F6E2D5A9F7C0058BF50 /* Project object */ = {
			isa = PBXProject;
			attributes = {
				BuildIndependentTargetsInParallel = 1;
				LastSwiftUpdateCheck = 1620;
				LastUpgradeCheck = 1620;
				TargetAttributes = {
					CCC01F752D5A9F7C0058BF50 = {
						CreatedOnToolsVersion = 16.2;
					};
					CCC01F852D5A9F7D0058BF50 = {
						CreatedOnToolsVersion = 16.2;
						TestTargetID = CCC01F752D5A9F7C0058BF50;
					};
					CCC01F8F2D5A9F7D0058BF50 = {
						CreatedOnToolsVersion = 16.2;
						TestTargetID = CCC01F752D5A9F7C0058BF50;
					};
				};
			};
			buildConfigurationList = CCC01F712D5A9F7C0058BF50 /* Build configuration list for PBXProject "k-cal" */;
			developmentRegion = en;
			hasScannedForEncodings = 0;
			knownRegions = (
				en,
				Base,
			);
			mainGroup = CCC01F6D2D5A9F7C0058BF50;
			minimizedProjectReferenceProxies = 1;
			preferredProjectObjectVersion = 77;
			productRefGroup = CCC01F772D5A9F7C0058BF50 /* Products */;
			projectDirPath = "";
			projectRoot = "";
			targets = (
				CCC01F752D5A9F7C0058BF50 /* k-cal */,
				CCC01F852D5A9F7D0058BF50 /* k-calTests */,
				CCC01F8F2D5A9F7D0058BF50 /* k-calUITests */,
			);
		};
/* End PBXProject section */

/* Begin PBXResourcesBuildPhase section */
		CCC01F742D5A9F7C0058BF50 /* Resources */ = {
			isa = PBXResourcesBuildPhase;
			buildActionMask = 2147483647;
			files = (
			);
			runOnlyForDeploymentPostprocessing = 0;
		};
		CCC01F842D5A9F7D0058BF50 /* Resources */ = {
			isa = PBXResourcesBuildPhase;
			buildActionMask = 2147483647;
			files = (
			);
			runOnlyForDeploymentPostprocessing = 0;
		};
		CCC01F8E2D5A9F7D0058BF50 /* Resources */ = {
			isa = PBXResourcesBuildPhase;
			buildActionMask = 2147483647;
			files = (
			);
			runOnlyForDeploymentPostprocessing = 0;
		};
/* End PBXResourcesBuildPhase section */

/* Begin PBXSourcesBuildPhase section */
		CCC01F722D5A9F7C0058BF50 /* Sources */ = {
			isa = PBXSourcesBuildPhase;
			buildActionMask = 2147483647;
			files = (
			);
			runOnlyForDeploymentPostprocessing = 0;
		};
		CCC01F822D5A9F7D0058BF50 /* Sources */ = {
			isa = PBXSourcesBuildPhase;
			buildActionMask = 2147483647;
			files = (
			);
			runOnlyForDeploymentPostprocessing = 0;
		};
		CCC01F8C2D5A9F7D0058BF50 /* Sources */ = {
			isa = PBXSourcesBuildPhase;
			buildActionMask = 2147483647;
			files = (
			);
			runOnlyForDeploymentPostprocessing = 0;
		};
/* End PBXSourcesBuildPhase section */

/* Begin PBXTargetDependency section */
		CCC01F882D5A9F7D0058BF50 /* PBXTargetDependency */ = {
			isa = PBXTargetDependency;
			target = CCC01F752D5A9F7C0058BF50 /* k-cal */;
			targetProxy = CCC01F872D5A9F7D0058BF50 /* PBXContainerItemProxy */;
		};
		CCC01F922D5A9F7D0058BF50 /* PBXTargetDependency */ = {
			isa = PBXTargetDependency;
			target = CCC01F752D5A9F7C0058BF50 /* k-cal */;
			targetProxy = CCC01F912D5A9F7D0058BF50 /* PBXContainerItemProxy */;
		};
/* End PBXTargetDependency section */

/* Begin XCBuildConfiguration section */
		CCC01F982D5A9F7D0058BF50 /* Debug */ = {
			isa = XCBuildConfiguration;
			buildSettings = {
				ALWAYS_SEARCH_USER_PATHS = NO;
				ASSETCATALOG_COMPILER_GENERATE_SWIFT_ASSET_SYMBOL_EXTENSIONS = YES;
				CLANG_ANALYZER_NONNULL = YES;
				CLANG_ANALYZER_NUMBER_OBJECT_CONVERSION = YES_AGGRESSIVE;
				CLANG_CXX_LANGUAGE_STANDARD = "gnu++20";
				CLANG_ENABLE_MODULES = YES;
				CLANG_ENABLE_OBJC_ARC = YES;
				CLANG_ENABLE_OBJC_WEAK = YES;
				CLANG_WARN_BLOCK_CAPTURE_AUTORELEASING = YES;
				CLANG_WARN_BOOL_CONVERSION = YES;
				CLANG_WARN_COMMA = YES;
				CLANG_WARN_CONSTANT_CONVERSION = YES;
				CLANG_WARN_DEPRECATED_OBJC_IMPLEMENTATIONS = YES;
				CLANG_WARN_DIRECT_OBJC_ISA_USAGE = YES_ERROR;
				CLANG_WARN_DOCUMENTATION_COMMENTS = YES;
				CLANG_WARN_EMPTY_BODY = YES;
				CLANG_WARN_ENUM_CONVERSION = YES;
				CLANG_WARN_INFINITE_RECURSION = YES;
				CLANG_WARN_INT_CONVERSION = YES;
				CLANG_WARN_NON_LITERAL_NULL_CONVERSION = YES;
				CLANG_WARN_OBJC_IMPLICIT_RETAIN_SELF = YES;
				CLANG_WARN_OBJC_LITERAL_CONVERSION = YES;
				CLANG_WARN_OBJC_ROOT_CLASS = YES_ERROR;
				CLANG_WARN_QUOTED_INCLUDE_IN_FRAMEWORK_HEADER = YES;
				CLANG_WARN_RANGE_LOOP_ANALYSIS = YES;
				CLANG_WARN_STRICT_PROTOTYPES = YES;
				CLANG_WARN_SUSPICIOUS_MOVE = YES;
				CLANG_WARN_UNGUARDED_AVAILABILITY = YES_AGGRESSIVE;
				CLANG_WARN_UNREACHABLE_CODE = YES;
				CLANG_WARN__DUPLICATE_METHOD_MATCH = YES;
				COPY_PHASE_STRIP = NO;
				DEBUG_INFORMATION_FORMAT = dwarf;
				ENABLE_STRICT_OBJC_MSGSEND = YES;
				ENABLE_TESTABILITY = YES;
				ENABLE_USER_SCRIPT_SANDBOXING = YES;
				GCC_C_LANGUAGE_STANDARD = gnu17;
				GCC_DYNAMIC_NO_PIC = NO;
				GCC_NO_COMMON_BLOCKS = YES;
				GCC_OPTIMIZATION_LEVEL = 0;
				GCC_PREPROCESSOR_DEFINITIONS = (
					"DEBUG=1",
					"$(inherited)",
				);
				GCC_WARN_64_TO_32_BIT_CONVERSION = YES;
				GCC_WARN_ABOUT_RETURN_TYPE = YES_ERROR;
				GCC_WARN_UNDECLARED_SELECTOR = YES;
				GCC_WARN_UNINITIALIZED_AUTOS = YES_AGGRESSIVE;
				GCC_WARN_UNUSED_FUNCTION = YES;
				GCC_WARN_UNUSED_VARIABLE = YES;
				IPHONEOS_DEPLOYMENT_TARGET = 18.2;
				LOCALIZATION_PREFERS_STRING_CATALOGS = YES;
				MTL_ENABLE_DEBUG_INFO = INCLUDE_SOURCE;
				MTL_FAST_MATH = YES;
				ONLY_ACTIVE_ARCH = YES;
				SDKROOT = iphoneos;
				SWIFT_ACTIVE_COMPILATION_CONDITIONS = "DEBUG $(inherited)";
				SWIFT_OPTIMIZATION_LEVEL = "-Onone";
			};
			name = Debug;
		};
		CCC01F992D5A9F7D0058BF50 /* Release */ = {
			isa = XCBuildConfiguration;
			buildSettings = {
				ALWAYS_SEARCH_USER_PATHS = NO;
				ASSETCATALOG_COMPILER_GENERATE_SWIFT_ASSET_SYMBOL_EXTENSIONS = YES;
				CLANG_ANALYZER_NONNULL = YES;
				CLANG_ANALYZER_NUMBER_OBJECT_CONVERSION = YES_AGGRESSIVE;
				CLANG_CXX_LANGUAGE_STANDARD = "gnu++20";
				CLANG_ENABLE_MODULES = YES;
				CLANG_ENABLE_OBJC_ARC = YES;
				CLANG_ENABLE_OBJC_WEAK = YES;
				CLANG_WARN_BLOCK_CAPTURE_AUTORELEASING = YES;
				CLANG_WARN_BOOL_CONVERSION = YES;
				CLANG_WARN_COMMA = YES;
				CLANG_WARN_CONSTANT_CONVERSION = YES;
				CLANG_WARN_DEPRECATED_OBJC_IMPLEMENTATIONS = YES;
				CLANG_WARN_DIRECT_OBJC_ISA_USAGE = YES_ERROR;
				CLANG_WARN_DOCUMENTATION_COMMENTS = YES;
				CLANG_WARN_EMPTY_BODY = YES;
				CLANG_WARN_ENUM_CONVERSION = YES;
				CLANG_WARN_INFINITE_RECURSION = YES;
				CLANG_WARN_INT_CONVERSION = YES;
				CLANG_WARN_NON_LITERAL_NULL_CONVERSION = YES;
				CLANG_WARN_OBJC_IMPLICIT_RETAIN_SELF = YES;
				CLANG_WARN_OBJC_LITERAL_CONVERSION = YES;
				CLANG_WARN_OBJC_ROOT_CLASS = YES_ERROR;
				CLANG_WARN_QUOTED_INCLUDE_IN_FRAMEWORK_HEADER = YES;
				CLANG_WARN_RANGE_LOOP_ANALYSIS = YES;
				CLANG_WARN_STRICT_PROTOTYPES = YES;
				CLANG_WARN_SUSPICIOUS_MOVE = YES;
				CLANG_WARN_UNGUARDED_AVAILABILITY = YES_AGGRESSIVE;
				CLANG_WARN_UNREACHABLE_CODE = YES;
				CLANG_WARN__DUPLICATE_METHOD_MATCH = YES;
				COPY_PHASE_STRIP = NO;
				DEBUG_INFORMATION_FORMAT = "dwarf-with-dsym";
				ENABLE_NS_ASSERTIONS = NO;
				ENABLE_STRICT_OBJC_MSGSEND = YES;
				ENABLE_USER_SCRIPT_SANDBOXING = YES;
				GCC_C_LANGUAGE_STANDARD = gnu17;
				GCC_NO_COMMON_BLOCKS = YES;
				GCC_WARN_64_TO_32_BIT_CONVERSION = YES;
				GCC_WARN_ABOUT_RETURN_TYPE = YES_ERROR;
				GCC_WARN_UNDECLARED_SELECTOR = YES;
				GCC_WARN_UNINITIALIZED_AUTOS = YES_AGGRESSIVE;
				GCC_WARN_UNUSED_FUNCTION = YES;
				GCC_WARN_UNUSED_VARIABLE = YES;
				IPHONEOS_DEPLOYMENT_TARGET = 18.2;
				LOCALIZATION_PREFERS_STRING_CATALOGS = YES;
				MTL_ENABLE_DEBUG_INFO = NO;
				MTL_FAST_MATH = YES;
				SDKROOT = iphoneos;
				SWIFT_COMPILATION_MODE = wholemodule;
				VALIDATE_PRODUCT = YES;
			};
			name = Release;
		};
		CCC01F9B2D5A9F7D0058BF50 /* Debug */ = {
			isa = XCBuildConfiguration;
			buildSettings = {
				ASSETCATALOG_COMPILER_APPICON_NAME = AppIcon;
				ASSETCATALOG_COMPILER_GLOBAL_ACCENT_COLOR_NAME = AccentColor;
				CODE_SIGN_STYLE = Automatic;
				CURRENT_PROJECT_VERSION = 1;
				DEVELOPMENT_ASSET_PATHS = "\"k-cal/Preview Content\"";
				DEVELOPMENT_TEAM = WRDKQDVMU9;
				ENABLE_PREVIEWS = YES;
				GENERATE_INFOPLIST_FILE = YES;
				INFOPLIST_KEY_NSCameraUsageDescription = "This app requires access to the camera to scan barcodes.";
				INFOPLIST_KEY_UIApplicationSceneManifest_Generation = YES;
				INFOPLIST_KEY_UIApplicationSupportsIndirectInputEvents = YES;
				INFOPLIST_KEY_UILaunchScreen_Generation = YES;
				INFOPLIST_KEY_UISupportedInterfaceOrientations_iPad = "UIInterfaceOrientationPortrait UIInterfaceOrientationPortraitUpsideDown UIInterfaceOrientationLandscapeLeft UIInterfaceOrientationLandscapeRight";
				INFOPLIST_KEY_UISupportedInterfaceOrientations_iPhone = "UIInterfaceOrientationPortrait UIInterfaceOrientationLandscapeLeft UIInterfaceOrientationLandscapeRight";
				LD_RUNPATH_SEARCH_PATHS = (
					"$(inherited)",
					"@executable_path/Frameworks",
				);
				MARKETING_VERSION = 1.0;
				PRODUCT_BUNDLE_IDENTIFIER = "rizig.k-cal";
				PRODUCT_NAME = "$(TARGET_NAME)";
				SWIFT_EMIT_LOC_STRINGS = YES;
				SWIFT_VERSION = 5.0;
				TARGETED_DEVICE_FAMILY = "1,2";
			};
			name = Debug;
		};
		CCC01F9C2D5A9F7D0058BF50 /* Release */ = {
			isa = XCBuildConfiguration;
			buildSettings = {
				ASSETCATALOG_COMPILER_APPICON_NAME = AppIcon;
				ASSETCATALOG_COMPILER_GLOBAL_ACCENT_COLOR_NAME = AccentColor;
				CODE_SIGN_STYLE = Automatic;
				CURRENT_PROJECT_VERSION = 1;
				DEVELOPMENT_ASSET_PATHS = "\"k-cal/Preview Content\"";
				DEVELOPMENT_TEAM = WRDKQDVMU9;
				ENABLE_PREVIEWS = YES;
				GENERATE_INFOPLIST_FILE = YES;
				INFOPLIST_KEY_NSCameraUsageDescription = "This app requires access to the camera to scan barcodes.";
				INFOPLIST_KEY_UIApplicationSceneManifest_Generation = YES;
				INFOPLIST_KEY_UIApplicationSupportsIndirectInputEvents = YES;
				INFOPLIST_KEY_UILaunchScreen_Generation = YES;
				INFOPLIST_KEY_UISupportedInterfaceOrientations_iPad = "UIInterfaceOrientationPortrait UIInterfaceOrientationPortraitUpsideDown UIInterfaceOrientationLandscapeLeft UIInterfaceOrientationLandscapeRight";
				INFOPLIST_KEY_UISupportedInterfaceOrientations_iPhone = "UIInterfaceOrientationPortrait UIInterfaceOrientationLandscapeLeft UIInterfaceOrientationLandscapeRight";
				LD_RUNPATH_SEARCH_PATHS = (
					"$(inherited)",
					"@executable_path/Frameworks",
				);
				MARKETING_VERSION = 1.0;
				PRODUCT_BUNDLE_IDENTIFIER = "rizig.k-cal";
				PRODUCT_NAME = "$(TARGET_NAME)";
				SWIFT_EMIT_LOC_STRINGS = YES;
				SWIFT_VERSION = 5.0;
				TARGETED_DEVICE_FAMILY = "1,2";
			};
			name = Release;
		};
		CCC01F9E2D5A9F7D0058BF50 /* Debug */ = {
			isa = XCBuildConfiguration;
			buildSettings = {
				BUNDLE_LOADER = "$(TEST_HOST)";
				CODE_SIGN_STYLE = Automatic;
				CURRENT_PROJECT_VERSION = 1;
				DEVELOPMENT_TEAM = WRDKQDVMU9;
				GENERATE_INFOPLIST_FILE = YES;
				IPHONEOS_DEPLOYMENT_TARGET = 18.2;
				MARKETING_VERSION = 1.0;
				PRODUCT_BUNDLE_IDENTIFIER = "rizig.k-calTests";
				PRODUCT_NAME = "$(TARGET_NAME)";
				SWIFT_EMIT_LOC_STRINGS = NO;
				SWIFT_VERSION = 5.0;
				TARGETED_DEVICE_FAMILY = "1,2";
				TEST_HOST = "$(BUILT_PRODUCTS_DIR)/k-cal.app/$(BUNDLE_EXECUTABLE_FOLDER_PATH)/k-cal";
			};
			name = Debug;
		};
		CCC01F9F2D5A9F7D0058BF50 /* Release */ = {
			isa = XCBuildConfiguration;
			buildSettings = {
				BUNDLE_LOADER = "$(TEST_HOST)";
				CODE_SIGN_STYLE = Automatic;
				CURRENT_PROJECT_VERSION = 1;
				DEVELOPMENT_TEAM = WRDKQDVMU9;
				GENERATE_INFOPLIST_FILE = YES;
				IPHONEOS_DEPLOYMENT_TARGET = 18.2;
				MARKETING_VERSION = 1.0;
				PRODUCT_BUNDLE_IDENTIFIER = "rizig.k-calTests";
				PRODUCT_NAME = "$(TARGET_NAME)";
				SWIFT_EMIT_LOC_STRINGS = NO;
				SWIFT_VERSION = 5.0;
				TARGETED_DEVICE_FAMILY = "1,2";
				TEST_HOST = "$(BUILT_PRODUCTS_DIR)/k-cal.app/$(BUNDLE_EXECUTABLE_FOLDER_PATH)/k-cal";
			};
			name = Release;
		};
		CCC01FA12D5A9F7D0058BF50 /* Debug */ = {
			isa = XCBuildConfiguration;
			buildSettings = {
				CODE_SIGN_STYLE = Automatic;
				CURRENT_PROJECT_VERSION = 1;
				DEVELOPMENT_TEAM = WRDKQDVMU9;
				GENERATE_INFOPLIST_FILE = YES;
				MARKETING_VERSION = 1.0;
				PRODUCT_BUNDLE_IDENTIFIER = "rizig.k-calUITests";
				PRODUCT_NAME = "$(TARGET_NAME)";
				SWIFT_EMIT_LOC_STRINGS = NO;
				SWIFT_VERSION = 5.0;
				TARGETED_DEVICE_FAMILY = "1,2";
				TEST_TARGET_NAME = "k-cal";
			};
			name = Debug;
		};
		CCC01FA22D5A9F7D0058BF50 /* Release */ = {
			isa = XCBuildConfiguration;
			buildSettings = {
				CODE_SIGN_STYLE = Automatic;
				CURRENT_PROJECT_VERSION = 1;
				DEVELOPMENT_TEAM = WRDKQDVMU9;
				GENERATE_INFOPLIST_FILE = YES;
				MARKETING_VERSION = 1.0;
				PRODUCT_BUNDLE_IDENTIFIER = "rizig.k-calUITests";
				PRODUCT_NAME = "$(TARGET_NAME)";
				SWIFT_EMIT_LOC_STRINGS = NO;
				SWIFT_VERSION = 5.0;
				TARGETED_DEVICE_FAMILY = "1,2";
				TEST_TARGET_NAME = "k-cal";
			};
			name = Release;
		};
/* End XCBuildConfiguration section */

/* Begin XCConfigurationList section */
		CCC01F712D5A9F7C0058BF50 /* Build configuration list for PBXProject "k-cal" */ = {
			isa = XCConfigurationList;
			buildConfigurations = (
				CCC01F982D5A9F7D0058BF50 /* Debug */,
				CCC01F992D5A9F7D0058BF50 /* Release */,
			);
			defaultConfigurationIsVisible = 0;
			defaultConfigurationName = Release;
		};
		CCC01F9A2D5A9F7D0058BF50 /* Build configuration list for PBXNativeTarget "k-cal" */ = {
			isa = XCConfigurationList;
			buildConfigurations = (
				CCC01F9B2D5A9F7D0058BF50 /* Debug */,
				CCC01F9C2D5A9F7D0058BF50 /* Release */,
			);
			defaultConfigurationIsVisible = 0;
			defaultConfigurationName = Release;
		};
		CCC01F9D2D5A9F7D0058BF50 /* Build configuration list for PBXNativeTarget "k-calTests" */ = {
			isa = XCConfigurationList;
			buildConfigurations = (
				CCC01F9E2D5A9F7D0058BF50 /* Debug */,
				CCC01F9F2D5A9F7D0058BF50 /* Release */,
			);
			defaultConfigurationIsVisible = 0;
			defaultConfigurationName = Release;
		};
		CCC01FA02D5A9F7D0058BF50 /* Build configuration list for PBXNativeTarget "k-calUITests" */ = {
			isa = XCConfigurationList;
			buildConfigurations = (
				CCC01FA12D5A9F7D0058BF50 /* Debug */,
				CCC01FA22D5A9F7D0058BF50 /* Release */,
			);
			defaultConfigurationIsVisible = 0;
			defaultConfigurationName = Release;
		};
/* End XCConfigurationList section */
	};
	rootObject = CCC01F6E2D5A9F7C0058BF50 /* Project object */;
}
